
Microsoft Visual Studio Solution File, Format Version 12.00
# Visual Studio Version 18
VisualStudioVersion = 18.2.11415.280
MinimumVisualStudioVersion = 10.0.40219.1
Project("{E24C65DC-7377-472B-9ABA-BC803B73C61A}") = "http://capstoneweb.vn", "http://capstoneweb.vn", "{04265CF3-1740-9D37-610E-248D53062248}"
	ProjectSection(WebsiteProperties) = preProject
		UseIISExpress = "false"
		TargetFrameworkMoniker = ".NETFramework,Version%3Dv4.7.2"
		Debug.AspNetCompiler.VirtualPath = "/capstoneweb.vn"
		Debug.AspNetCompiler.PhysicalPath = "WWW\"
		Debug.AspNetCompiler.TargetPath = "PrecompiledWeb\capstoneweb.vn\"
		Debug.AspNetCompiler.Updateable = "true"
		Debug.AspNetCompiler.ForceOverwrite = "true"
		Debug.AspNetCompiler.FixedNames = "false"
		Debug.AspNetCompiler.Debug = "True"
		Release.AspNetCompiler.VirtualPath = "/capstoneweb.vn"
		Release.AspNetCompiler.PhysicalPath = "WWW\"
		Release.AspNetCompiler.TargetPath = "PrecompiledWeb\capstoneweb.vn\"
		Release.AspNetCompiler.Updateable = "true"
		Release.AspNetCompiler.ForceOverwrite = "true"
		Release.AspNetCompiler.FixedNames = "false"
		Release.AspNetCompiler.Debug = "False"
		SlnRelativePath = "WWW\"
	EndProjectSection
EndProject
Project("{2150E333-8FDC-42A3-9474-1A3956D46DE8}") = "MODULES", "MODULES", "{6A6B662A-1283-4A8E-9C67-22E2B4B80618}"
EndProject
Project("{2150E333-8FDC-42A3-9474-1A3956D46DE8}") = "CORE", "CORE", "{CA7B4A2C-8F07-49AA-B71A-23105980C07D}"
EndProject
Project("{F184B08F-C81C-45F6-A57F-5ABD9991F28F}") = "NVCMS.Modules.Hethong", "PROJECT\CORE\NVCMS.Modules.System\NVCMS.Modules.Hethong.vbproj", "{33516935-EE1C-47AA-A62F-7BCB24EE6110}"
EndProject
Project("{F184B08F-C81C-45F6-A57F-5ABD9991F28F}") = "NVCMS.Modules.TinTuc", "PROJECT\MODULES\NVCMS.Modules.Tintuc\NVCMS.Modules.TinTuc.vbproj", "{8A12C2A2-DA49-4216-9996-67E680C351FE}"
EndProject
Project("{F184B08F-C81C-45F6-A57F-5ABD9991F28F}") = "NVCMS.Modules.User", "PROJECT\MODULES\NVCMS.Modules.User\NVCMS.Modules.User.vbproj", "{76CE6E57-F16B-4D76-B660-1ED0078DD822}"
EndProject
Project("{F184B08F-C81C-45F6-A57F-5ABD9991F28F}") = "NVCMS.Modules.FairGuide", "PROJECT\MODULES\NVCMS.Modules.FairGuide\NVCMS.Modules.FairGuide.vbproj", "{3EF5A1A5-22B1-41DF-81FB-ECD469E13CD7}"
EndProject
Project("{F184B08F-C81C-45F6-A57F-5ABD9991F28F}") = "NVCMS.Modules.Video", "PROJECT\MODULES\NVCMS.Modules.Video\NVCMS.Modules.Video.vbproj", "{5BE60C3A-F377-4748-BCCF-30C3D29DA87A}"
EndProject
Project("{F184B08F-C81C-45F6-A57F-5ABD9991F28F}") = "NVCMS.Modules.School", "PROJECT\MODULES\NVCMS.Modules.School\NVCMS.Modules.School.vbproj", "{27131F72-A319-46CA-9DBB-13EA3C04EB74}"
EndProject
Project("{F184B08F-C81C-45F6-A57F-5ABD9991F28F}") = "NVCMS.Modules.LibCRM", "PROJECT\CORE\NVCMS.Modules.LibCRM\NVCMS.Modules.LibCRM.vbproj", "{3A6775F5-1719-4846-86F1-BBED8F96E359}"
EndProject
Project("{F184B08F-C81C-45F6-A57F-5ABD9991F28F}") = "NVCMS.Modules.Form", "PROJECT\MODULES\NVCMS.Modules.Form\NVCMS.Modules.Form.vbproj", "{9AE01B9E-D170-4C58-A2E6-4929FA92D5FA}"
EndProject
Project("{F184B08F-C81C-45F6-A57F-5ABD9991F28F}") = "NVCMS.Modules.Student", "PROJECT\MODULES\NVCMS.Modules.Student\NVCMS.Modules.Student.vbproj", "{DD42071E-7D88-4890-A647-5439B99F12BD}"
EndProject
Project("{2150E333-8FDC-42A3-9474-1A3956D46DE8}") = "API", "API", "{CD951351-D569-4A36-8824-F44731158394}"
EndProject
Project("{FAE04EC0-301F-11D3-BF4B-00C04F79EFBC}") = "NVCMS.API", "PROJECT\API\NVCMS.API\NVCMS.API.csproj", "{4B722083-D7BA-4CF9-9F1A-CB99AF85DC94}"
EndProject
Project("{F184B08F-C81C-45F6-A57F-5ABD9991F28F}") = "NVCMS.ModulesMarketing", "PROJECT\MODULES\NVCMS.Modules.Marketing\NVCMS.ModulesMarketing.vbproj", "{B4028235-2423-487E-8A6B-1ABE07422004}"
EndProject
Project("{F184B08F-C81C-45F6-A57F-5ABD9991F28F}") = "NVCMS.Modules.EventsWebsite", "PROJECT\MODULES\NVCMS.Modules.EventsWebsite\NVCMS.Modules.EventsWebsite.vbproj", "{69B607A1-BA4E-4EF4-882E-0BCDC941A077}"
EndProject
Project("{F184B08F-C81C-45F6-A57F-5ABD9991F28F}") = "NVCMS.Modules.Banner", "PROJECT\MODULES\NVCMS.Modules.Banner\NVCMS.Modules.Banner.vbproj", "{C99AFAB7-54E0-42D1-9D51-A32AAEDC4856}"
EndProject
Project("{F184B08F-C81C-45F6-A57F-5ABD9991F28F}") = "NVCMS.Modules.TrangGioiThieu", "PROJECT\MODULES\NVCMS.Modules.TrangGioiThieu\NVCMS.Modules.TrangGioiThieu.vbproj", "{DC5F8EBE-6EF6-4DC1-BEDC-6A3181BBD6F9}"
EndProject
Project("{2150E333-8FDC-42A3-9474-1A3956D46DE8}") = "PROJECT", "PROJECT", "{EB1B1211-640D-0C76-A929-990D115248FD}"
EndProject
Project("{2150E333-8FDC-42A3-9474-1A3956D46DE8}") = "WEBVIEW", "WEBVIEW", "{19EDBA47-7ACC-7457-0DDB-1C50445E7661}"
EndProject
Project("{FAE04EC0-301F-11D3-BF4B-00C04F79EFBC}") = "NVCMS.WebView.Data", "PROJECT\WEBVIEW\NVCMS.WebView.Data\NVCMS.WebView.Data.csproj", "{4A570B67-CAA3-4152-9B51-9DCFEBCCCD62}"
EndProject
Project("{FAE04EC0-301F-11D3-BF4B-00C04F79EFBC}") = "Capstone.View", "PROJECT\WEBVIEW\Capstone.View\Capstone.View.csproj", "{B74E12C3-83FB-17D5-FC6B-060C2B9B5045}"
EndProject
Project("{2150E333-8FDC-42A3-9474-1A3956D46DE8}") = "AI", "AI", "{B8D31861-E8A8-4E40-B136-65AF9F098DF3}"
	ProjectSection(SolutionItems) = preProject
		CLAUDE.md = CLAUDE.md
		website-context.json = website-context.json
		website-settings.md = website-settings.md
	EndProjectSection
EndProject
Project("{FAE04EC0-301F-11D3-BF4B-00C04F79EFBC}") = "NVCMS.API.ReadGoogleSheet", "PROJECT\API\NVCMS.API.ReadGoogleSheet\NVCMS.API.ReadGoogleSheet.csproj", "{F74E06F3-C0AA-4CAA-CCF8-47940562E045}"
EndProject
Project("{F184B08F-C81C-45F6-A57F-5ABD9991F28F}") = "NVCMS.Modules.Scheduler", "PROJECT\MODULES\NVCMS.Modules.Scheduler\NVCMS.Modules.Scheduler.vbproj", "{6F378C46-991F-4271-B00B-EFCFE01937E2}"
EndProject
Project("{E24C65DC-7377-472B-9ABA-BC803B73C61A}") = "http://capv2.vn", "http://capv2.vn", "{02E015B7-FC75-4148-A6B9-7B580F2BF796}"
	ProjectSection(WebsiteProperties) = preProject
		UseIISExpress = "false"
		TargetFrameworkMoniker = ".NETFramework,Version%3Dv4.7.2"
		Debug.AspNetCompiler.VirtualPath = "/capv2.vn"
		Debug.AspNetCompiler.PhysicalPath = "WWW_VIEW\"
		Debug.AspNetCompiler.TargetPath = "PrecompiledWeb\capv2.vn\"
		Debug.AspNetCompiler.Updateable = "true"
		Debug.AspNetCompiler.ForceOverwrite = "true"
		Debug.AspNetCompiler.FixedNames = "false"
		Debug.AspNetCompiler.Debug = "True"
		Release.AspNetCompiler.VirtualPath = "/capv2.vn"
		Release.AspNetCompiler.PhysicalPath = "WWW_VIEW\"
		Release.AspNetCompiler.TargetPath = "PrecompiledWeb\capv2.vn\"
		Release.AspNetCompiler.Updateable = "true"
		Release.AspNetCompiler.ForceOverwrite = "true"
		Release.AspNetCompiler.FixedNames = "false"
		Release.AspNetCompiler.Debug = "False"
		SlnRelativePath = "WWW_VIEW\"
	EndProjectSection
EndProject
Project("{F184B08F-C81C-45F6-A57F-5ABD9991F28F}") = "NVCMS.Modules.LadingPage", "PROJECT\MODULES\NVCMS.Modules.LandingPage\NVCMS.Modules.LadingPage.vbproj", "{DAAA665D-C235-4F94-A6AA-F28A5C13AF86}"
EndProject
Global
	GlobalSection(SolutionConfigurationPlatforms) = preSolution
		Debug|Any CPU = Debug|Any CPU
		Debug|x64 = Debug|x64
		Debug|x86 = Debug|x86
		Release|Any CPU = Release|Any CPU
		Release|x64 = Release|x64
		Release|x86 = Release|x86
	EndGlobalSection
	GlobalSection(ProjectConfigurationPlatforms) = postSolution
		{04265CF3-1740-9D37-610E-248D53062248}.Debug|Any CPU.ActiveCfg = Debug|Any CPU
		{04265CF3-1740-9D37-610E-248D53062248}.Debug|Any CPU.Build.0 = Debug|Any CPU
		{04265CF3-1740-9D37-610E-248D53062248}.Debug|x64.ActiveCfg = Debug|Any CPU
		{04265CF3-1740-9D37-610E-248D53062248}.Debug|x64.Build.0 = Debug|Any CPU
		{04265CF3-1740-9D37-610E-248D53062248}.Debug|x86.ActiveCfg = Debug|Any CPU
		{04265CF3-1740-9D37-610E-248D53062248}.Debug|x86.Build.0 = Debug|Any CPU
		{04265CF3-1740-9D37-610E-248D53062248}.Release|Any CPU.ActiveCfg = Debug|Any CPU
		{04265CF3-1740-9D37-610E-248D53062248}.Release|Any CPU.Build.0 = Debug|Any CPU
		{04265CF3-1740-9D37-610E-248D53062248}.Release|x64.ActiveCfg = Release|Any CPU
		{04265CF3-1740-9D37-610E-248D53062248}.Release|x64.Build.0 = Release|Any CPU
		{04265CF3-1740-9D37-610E-248D53062248}.Release|x86.ActiveCfg = Release|Any CPU
		{04265CF3-1740-9D37-610E-248D53062248}.Release|x86.Build.0 = Release|Any CPU
		{33516935-EE1C-47AA-A62F-7BCB24EE6110}.Debug|Any CPU.ActiveCfg = Debug|Any CPU
		{33516935-EE1C-47AA-A62F-7BCB24EE6110}.Debug|Any CPU.Build.0 = Debug|Any CPU
		{33516935-EE1C-47AA-A62F-7BCB24EE6110}.Debug|x64.ActiveCfg = Debug|Any CPU
		{33516935-EE1C-47AA-A62F-7BCB24EE6110}.Debug|x64.Build.0 = Debug|Any CPU
		{33516935-EE1C-47AA-A62F-7BCB24EE6110}.Debug|x86.ActiveCfg = Debug|Any CPU
		{33516935-EE1C-47AA-A62F-7BCB24EE6110}.Debug|x86.Build.0 = Debug|Any CPU
		{33516935-EE1C-47AA-A62F-7BCB24EE6110}.Release|Any CPU.ActiveCfg = Release|Any CPU
		{33516935-EE1C-47AA-A62F-7BCB24EE6110}.Release|Any CPU.Build.0 = Release|Any CPU
		{33516935-EE1C-47AA-A62F-7BCB24EE6110}.Release|x64.ActiveCfg = Release|Any CPU
		{33516935-EE1C-47AA-A62F-7BCB24EE6110}.Release|x64.Build.0 = Release|Any CPU
		{33516935-EE1C-47AA-A62F-7BCB24EE6110}.Release|x86.ActiveCfg = Release|Any CPU
		{33516935-EE1C-47AA-A62F-7BCB24EE6110}.Release|x86.Build.0 = Release|Any CPU
		{8A12C2A2-DA49-4216-9996-67E680C351FE}.Debug|Any CPU.ActiveCfg = Debug|Any CPU
		{8A12C2A2-DA49-4216-9996-67E680C351FE}.Debug|Any CPU.Build.0 = Debug|Any CPU
		{8A12C2A2-DA49-4216-9996-67E680C351FE}.Debug|x64.ActiveCfg = Debug|Any CPU
		{8A12C2A2-DA49-4216-9996-67E680C351FE}.Debug|x64.Build.0 = Debug|Any CPU
		{8A12C2A2-DA49-4216-9996-67E680C351FE}.Debug|x86.ActiveCfg = Debug|Any CPU
		{8A12C2A2-DA49-4216-9996-67E680C351FE}.Debug|x86.Build.0 = Debug|Any CPU
		{8A12C2A2-DA49-4216-9996-67E680C351FE}.Release|Any CPU.ActiveCfg = Release|Any CPU
		{8A12C2A2-DA49-4216-9996-67E680C351FE}.Release|Any CPU.Build.0 = Release|Any CPU
		{8A12C2A2-DA49-4216-9996-67E680C351FE}.Release|x64.ActiveCfg = Release|Any CPU
		{8A12C2A2-DA49-4216-9996-67E680C351FE}.Release|x64.Build.0 = Release|Any CPU
		{8A12C2A2-DA49-4216-9996-67E680C351FE}.Release|x86.ActiveCfg = Release|Any CPU
		{8A12C2A2-DA49-4216-9996-67E680C351FE}.Release|x86.Build.0 = Release|Any CPU
		{76CE6E57-F16B-4D76-B660-1ED0078DD822}.Debug|Any CPU.ActiveCfg = Debug|Any CPU
		{76CE6E57-F16B-4D76-B660-1ED0078DD822}.Debug|Any CPU.Build.0 = Debug|Any CPU
		{76CE6E57-F16B-4D76-B660-1ED0078DD822}.Debug|x64.ActiveCfg = Debug|Any CPU
		{76CE6E57-F16B-4D76-B660-1ED0078DD822}.Debug|x64.Build.0 = Debug|Any CPU
		{76CE6E57-F16B-4D76-B660-1ED0078DD822}.Debug|x86.ActiveCfg = Debug|Any CPU
		{76CE6E57-F16B-4D76-B660-1ED0078DD822}.Debug|x86.Build.0 = Debug|Any CPU
		{76CE6E57-F16B-4D76-B660-1ED0078DD822}.Release|Any CPU.ActiveCfg = Release|Any CPU
		{76CE6E57-F16B-4D76-B660-1ED0078DD822}.Release|Any CPU.Build.0 = Release|Any CPU
		{76CE6E57-F16B-4D76-B660-1ED0078DD822}.Release|x64.ActiveCfg = Release|Any CPU
		{76CE6E57-F16B-4D76-B660-1ED0078DD822}.Release|x64.Build.0 = Release|Any CPU
		{76CE6E57-F16B-4D76-B660-1ED0078DD822}.Release|x86.ActiveCfg = Release|Any CPU
		{76CE6E57-F16B-4D76-B660-1ED0078DD822}.Release|x86.Build.0 = Release|Any CPU
		{3EF5A1A5-22B1-41DF-81FB-ECD469E13CD7}.Debug|Any CPU.ActiveCfg = Debug|Any CPU
		{3EF5A1A5-22B1-41DF-81FB-ECD469E13CD7}.Debug|Any CPU.Build.0 = Debug|Any CPU
		{3EF5A1A5-22B1-41DF-81FB-ECD469E13CD7}.Debug|x64.ActiveCfg = Debug|Any CPU
		{3EF5A1A5-22B1-41DF-81FB-ECD469E13CD7}.Debug|x64.Build.0 = Debug|Any CPU
		{3EF5A1A5-22B1-41DF-81FB-ECD469E13CD7}.Debug|x86.ActiveCfg = Debug|Any CPU
		{3EF5A1A5-22B1-41DF-81FB-ECD469E13CD7}.Debug|x86.Build.0 = Debug|Any CPU
		{3EF5A1A5-22B1-41DF-81FB-ECD469E13CD7}.Release|Any CPU.ActiveCfg = Release|Any CPU
		{3EF5A1A5-22B1-41DF-81FB-ECD469E13CD7}.Release|Any CPU.Build.0 = Release|Any CPU
		{3EF5A1A5-22B1-41DF-81FB-ECD469E13CD7}.Release|x64.ActiveCfg = Release|Any CPU
		{3EF5A1A5-22B1-41DF-81FB-ECD469E13CD7}.Release|x64.Build.0 = Release|Any CPU
		{3EF5A1A5-22B1-41DF-81FB-ECD469E13CD7}.Release|x86.ActiveCfg = Release|Any CPU
		{3EF5A1A5-22B1-41DF-81FB-ECD469E13CD7}.Release|x86.Build.0 = Release|Any CPU
		{5BE60C3A-F377-4748-BCCF-30C3D29DA87A}.Debug|Any CPU.ActiveCfg = Debug|Any CPU
		{5BE60C3A-F377-4748-BCCF-30C3D29DA87A}.Debug|Any CPU.Build.0 = Debug|Any CPU
		{5BE60C3A-F377-4748-BCCF-30C3D29DA87A}.Debug|x64.ActiveCfg = Debug|Any CPU
		{5BE60C3A-F377-4748-BCCF-30C3D29DA87A}.Debug|x64.Build.0 = Debug|Any CPU
		{5BE60C3A-F377-4748-BCCF-30C3D29DA87A}.Debug|x86.ActiveCfg = Debug|Any CPU
		{5BE60C3A-F377-4748-BCCF-30C3D29DA87A}.Debug|x86.Build.0 = Debug|Any CPU
		{5BE60C3A-F377-4748-BCCF-30C3D29DA87A}.Release|Any CPU.ActiveCfg = Release|Any CPU
		{5BE60C3A-F377-4748-BCCF-30C3D29DA87A}.Release|Any CPU.Build.0 = Release|Any CPU
		{5BE60C3A-F377-4748-BCCF-30C3D29DA87A}.Release|x64.ActiveCfg = Release|Any CPU
		{5BE60C3A-F377-4748-BCCF-30C3D29DA87A}.Release|x64.Build.0 = Release|Any CPU
		{5BE60C3A-F377-4748-BCCF-30C3D29DA87A}.Release|x86.ActiveCfg = Release|Any CPU
		{5BE60C3A-F377-4748-BCCF-30C3D29DA87A}.Release|x86.Build.0 = Release|Any CPU
		{27131F72-A319-46CA-9DBB-13EA3C04EB74}.Debug|Any CPU.ActiveCfg = Debug|Any CPU
		{27131F72-A319-46CA-9DBB-13EA3C04EB74}.Debug|Any CPU.Build.0 = Debug|Any CPU
		{27131F72-A319-46CA-9DBB-13EA3C04EB74}.Debug|x64.ActiveCfg = Debug|Any CPU
		{27131F72-A319-46CA-9DBB-13EA3C04EB74}.Debug|x64.Build.0 = Debug|Any CPU
		{27131F72-A319-46CA-9DBB-13EA3C04EB74}.Debug|x86.ActiveCfg = Debug|Any CPU
		{27131F72-A319-46CA-9DBB-13EA3C04EB74}.Debug|x86.Build.0 = Debug|Any CPU
		{27131F72-A319-46CA-9DBB-13EA3C04EB74}.Release|Any CPU.ActiveCfg = Release|Any CPU
		{27131F72-A319-46CA-9DBB-13EA3C04EB74}.Release|Any CPU.Build.0 = Release|Any CPU
		{27131F72-A319-46CA-9DBB-13EA3C04EB74}.Release|x64.ActiveCfg = Release|Any CPU
		{27131F72-A319-46CA-9DBB-13EA3C04EB74}.Release|x64.Build.0 = Release|Any CPU
		{27131F72-A319-46CA-9DBB-13EA3C04EB74}.Release|x86.ActiveCfg = Release|Any CPU
		{27131F72-A319-46CA-9DBB-13EA3C04EB74}.Release|x86.Build.0 = Release|Any CPU
		{3A6775F5-1719-4846-86F1-BBED8F96E359}.Debug|Any CPU.ActiveCfg = Debug|Any CPU
		{3A6775F5-1719-4846-86F1-BBED8F96E359}.Debug|Any CPU.Build.0 = Debug|Any CPU
		{3A6775F5-1719-4846-86F1-BBED8F96E359}.Debug|x64.ActiveCfg = Debug|Any CPU
		{3A6775F5-1719-4846-86F1-BBED8F96E359}.Debug|x64.Build.0 = Debug|Any CPU
		{3A6775F5-1719-4846-86F1-BBED8F96E359}.Debug|x86.ActiveCfg = Debug|Any CPU
		{3A6775F5-1719-4846-86F1-BBED8F96E359}.Debug|x86.Build.0 = Debug|Any CPU
		{3A6775F5-1719-4846-86F1-BBED8F96E359}.Release|Any CPU.ActiveCfg = Release|Any CPU
		{3A6775F5-1719-4846-86F1-BBED8F96E359}.Release|Any CPU.Build.0 = Release|Any CPU
		{3A6775F5-1719-4846-86F1-BBED8F96E359}.Release|x64.ActiveCfg = Release|Any CPU
		{3A6775F5-1719-4846-86F1-BBED8F96E359}.Release|x64.Build.0 = Release|Any CPU
		{3A6775F5-1719-4846-86F1-BBED8F96E359}.Release|x86.ActiveCfg = Release|Any CPU
		{3A6775F5-1719-4846-86F1-BBED8F96E359}.Release|x86.Build.0 = Release|Any CPU
		{9AE01B9E-D170-4C58-A2E6-4929FA92D5FA}.Debug|Any CPU.ActiveCfg = Debug|Any CPU
		{9AE01B9E-D170-4C58-A2E6-4929FA92D5FA}.Debug|Any CPU.Build.0 = Debug|Any CPU
		{9AE01B9E-D170-4C58-A2E6-4929FA92D5FA}.Debug|x64.ActiveCfg = Debug|Any CPU
		{9AE01B9E-D170-4C58-A2E6-4929FA92D5FA}.Debug|x64.Build.0 = Debug|Any CPU
		{9AE01B9E-D170-4C58-A2E6-4929FA92D5FA}.Debug|x86.ActiveCfg = Debug|Any CPU
		{9AE01B9E-D170-4C58-A2E6-4929FA92D5FA}.Debug|x86.Build.0 = Debug|Any CPU
		{9AE01B9E-D170-4C58-A2E6-4929FA92D5FA}.Release|Any CPU.ActiveCfg = Release|Any CPU
		{9AE01B9E-D170-4C58-A2E6-4929FA92D5FA}.Release|Any CPU.Build.0 = Release|Any CPU
		{9AE01B9E-D170-4C58-A2E6-4929FA92D5FA}.Release|x64.ActiveCfg = Release|Any CPU
		{9AE01B9E-D170-4C58-A2E6-4929FA92D5FA}.Release|x64.Build.0 = Release|Any CPU
		{9AE01B9E-D170-4C58-A2E6-4929FA92D5FA}.Release|x86.ActiveCfg = Release|Any CPU
		{9AE01B9E-D170-4C58-A2E6-4929FA92D5FA}.Release|x86.Build.0 = Release|Any CPU
		{DD42071E-7D88-4890-A647-5439B99F12BD}.Debug|Any CPU.ActiveCfg = Debug|Any CPU
		{DD42071E-7D88-4890-A647-5439B99F12BD}.Debug|Any CPU.Build.0 = Debug|Any CPU
		{DD42071E-7D88-4890-A647-5439B99F12BD}.Debug|x64.ActiveCfg = Debug|Any CPU
		{DD42071E-7D88-4890-A647-5439B99F12BD}.Debug|x64.Build.0 = Debug|Any CPU
		{DD42071E-7D88-4890-A647-5439B99F12BD}.Debug|x86.ActiveCfg = Debug|Any CPU
		{DD42071E-7D88-4890-A647-5439B99F12BD}.Debug|x86.Build.0 = Debug|Any CPU
		{DD42071E-7D88-4890-A647-5439B99F12BD}.Release|Any CPU.ActiveCfg = Release|Any CPU
		{DD42071E-7D88-4890-A647-5439B99F12BD}.Release|Any CPU.Build.0 = Release|Any CPU
		{DD42071E-7D88-4890-A647-5439B99F12BD}.Release|x64.ActiveCfg = Release|Any CPU
		{DD42071E-7D88-4890-A647-5439B99F12BD}.Release|x64.Build.0 = Release|Any CPU
		{DD42071E-7D88-4890-A647-5439B99F12BD}.Release|x86.ActiveCfg = Release|Any CPU
		{DD42071E-7D88-4890-A647-5439B99F12BD}.Release|x86.Build.0 = Release|Any CPU
		{4B722083-D7BA-4CF9-9F1A-CB99AF85DC94}.Debug|Any CPU.ActiveCfg = Debug|Any CPU
		{4B722083-D7BA-4CF9-9F1A-CB99AF85DC94}.Debug|Any CPU.Build.0 = Debug|Any CPU
		{4B722083-D7BA-4CF9-9F1A-CB99AF85DC94}.Debug|x64.ActiveCfg = Debug|Any CPU
		{4B722083-D7BA-4CF9-9F1A-CB99AF85DC94}.Debug|x64.Build.0 = Debug|Any CPU
		{4B722083-D7BA-4CF9-9F1A-CB99AF85DC94}.Debug|x86.ActiveCfg = Debug|Any CPU
		{4B722083-D7BA-4CF9-9F1A-CB99AF85DC94}.Debug|x86.Build.0 = Debug|Any CPU
		{4B722083-D7BA-4CF9-9F1A-CB99AF85DC94}.Release|Any CPU.ActiveCfg = Release|Any CPU
		{4B722083-D7BA-4CF9-9F1A-CB99AF85DC94}.Release|Any CPU.Build.0 = Release|Any CPU
		{4B722083-D7BA-4CF9-9F1A-CB99AF85DC94}.Release|x64.ActiveCfg = Release|Any CPU
		{4B722083-D7BA-4CF9-9F1A-CB99AF85DC94}.Release|x64.Build.0 = Release|Any CPU
		{4B722083-D7BA-4CF9-9F1A-CB99AF85DC94}.Release|x86.ActiveCfg = Release|Any CPU
		{4B722083-D7BA-4CF9-9F1A-CB99AF85DC94}.Release|x86.Build.0 = Release|Any CPU
		{B4028235-2423-487E-8A6B-1ABE07422004}.Debug|Any CPU.ActiveCfg = Debug|Any CPU
		{B4028235-2423-487E-8A6B-1ABE07422004}.Debug|Any CPU.Build.0 = Debug|Any CPU
		{B4028235-2423-487E-8A6B-1ABE07422004}.Debug|x64.ActiveCfg = Debug|Any CPU
		{B4028235-2423-487E-8A6B-1ABE07422004}.Debug|x64.Build.0 = Debug|Any CPU
		{B4028235-2423-487E-8A6B-1ABE07422004}.Debug|x86.ActiveCfg = Debug|Any CPU
		{B4028235-2423-487E-8A6B-1ABE07422004}.Debug|x86.Build.0 = Debug|Any CPU
		{B4028235-2423-487E-8A6B-1ABE07422004}.Release|Any CPU.ActiveCfg = Release|Any CPU
		{B4028235-2423-487E-8A6B-1ABE07422004}.Release|Any CPU.Build.0 = Release|Any CPU
		{B4028235-2423-487E-8A6B-1ABE07422004}.Release|x64.ActiveCfg = Release|Any CPU
		{B4028235-2423-487E-8A6B-1ABE07422004}.Release|x64.Build.0 = Release|Any CPU
		{B4028235-2423-487E-8A6B-1ABE07422004}.Release|x86.ActiveCfg = Release|Any CPU
		{B4028235-2423-487E-8A6B-1ABE07422004}.Release|x86.Build.0 = Release|Any CPU
		{69B607A1-BA4E-4EF4-882E-0BCDC941A077}.Debug|Any CPU.ActiveCfg = Debug|Any CPU
		{69B607A1-BA4E-4EF4-882E-0BCDC941A077}.Debug|Any CPU.Build.0 = Debug|Any CPU
		{69B607A1-BA4E-4EF4-882E-0BCDC941A077}.Debug|x64.ActiveCfg = Debug|Any CPU
		{69B607A1-BA4E-4EF4-882E-0BCDC941A077}.Debug|x64.Build.0 = Debug|Any CPU
		{69B607A1-BA4E-4EF4-882E-0BCDC941A077}.Debug|x86.ActiveCfg = Debug|Any CPU
		{69B607A1-BA4E-4EF4-882E-0BCDC941A077}.Debug|x86.Build.0 = Debug|Any CPU
		{69B607A1-BA4E-4EF4-882E-0BCDC941A077}.Release|Any CPU.ActiveCfg = Release|Any CPU
		{69B607A1-BA4E-4EF4-882E-0BCDC941A077}.Release|Any CPU.Build.0 = Release|Any CPU
		{69B607A1-BA4E-4EF4-882E-0BCDC941A077}.Release|x64.ActiveCfg = Release|Any CPU
		{69B607A1-BA4E-4EF4-882E-0BCDC941A077}.Release|x64.Build.0 = Release|Any CPU
		{69B607A1-BA4E-4EF4-882E-0BCDC941A077}.Release|x86.ActiveCfg = Release|Any CPU
		{69B607A1-BA4E-4EF4-882E-0BCDC941A077}.Release|x86.Build.0 = Release|Any CPU
		{C99AFAB7-54E0-42D1-9D51-A32AAEDC4856}.Debug|Any CPU.ActiveCfg = Debug|Any CPU
		{C99AFAB7-54E0-42D1-9D51-A32AAEDC4856}.Debug|Any CPU.Build.0 = Debug|Any CPU
		{C99AFAB7-54E0-42D1-9D51-A32AAEDC4856}.Debug|x64.ActiveCfg = Debug|Any CPU
		{C99AFAB7-54E0-42D1-9D51-A32AAEDC4856}.Debug|x64.Build.0 = Debug|Any CPU
		{C99AFAB7-54E0-42D1-9D51-A32AAEDC4856}.Debug|x86.ActiveCfg = Debug|Any CPU
		{C99AFAB7-54E0-42D1-9D51-A32AAEDC4856}.Debug|x86.Build.0 = Debug|Any CPU
		{C99AFAB7-54E0-42D1-9D51-A32AAEDC4856}.Release|Any CPU.ActiveCfg = Release|Any CPU
		{C99AFAB7-54E0-42D1-9D51-A32AAEDC4856}.Release|Any CPU.Build.0 = Release|Any CPU
		{C99AFAB7-54E0-42D1-9D51-A32AAEDC4856}.Release|x64.ActiveCfg = Release|Any CPU
		{C99AFAB7-54E0-42D1-9D51-A32AAEDC4856}.Release|x64.Build.0 = Release|Any CPU
		{C99AFAB7-54E0-42D1-9D51-A32AAEDC4856}.Release|x86.ActiveCfg = Release|Any CPU
		{C99AFAB7-54E0-42D1-9D51-A32AAEDC4856}.Release|x86.Build.0 = Release|Any CPU
		{DC5F8EBE-6EF6-4DC1-BEDC-6A3181BBD6F9}.Debug|Any CPU.ActiveCfg = Debug|Any CPU
		{DC5F8EBE-6EF6-4DC1-BEDC-6A3181BBD6F9}.Debug|Any CPU.Build.0 = Debug|Any CPU
		{DC5F8EBE-6EF6-4DC1-BEDC-6A3181BBD6F9}.Debug|x64.ActiveCfg = Debug|Any CPU
		{DC5F8EBE-6EF6-4DC1-BEDC-6A3181BBD6F9}.Debug|x64.Build.0 = Debug|Any CPU
		{DC5F8EBE-6EF6-4DC1-BEDC-6A3181BBD6F9}.Debug|x86.ActiveCfg = Debug|Any CPU
		{DC5F8EBE-6EF6-4DC1-BEDC-6A3181BBD6F9}.Debug|x86.Build.0 = Debug|Any CPU
		{DC5F8EBE-6EF6-4DC1-BEDC-6A3181BBD6F9}.Release|Any CPU.ActiveCfg = Release|Any CPU
		{DC5F8EBE-6EF6-4DC1-BEDC-6A3181BBD6F9}.Release|Any CPU.Build.0 = Release|Any CPU
		{DC5F8EBE-6EF6-4DC1-BEDC-6A3181BBD6F9}.Release|x64.ActiveCfg = Release|Any CPU
		{DC5F8EBE-6EF6-4DC1-BEDC-6A3181BBD6F9}.Release|x64.Build.0 = Release|Any CPU
		{DC5F8EBE-6EF6-4DC1-BEDC-6A3181BBD6F9}.Release|x86.ActiveCfg = Release|Any CPU
		{DC5F8EBE-6EF6-4DC1-BEDC-6A3181BBD6F9}.Release|x86.Build.0 = Release|Any CPU
		{4A570B67-CAA3-4152-9B51-9DCFEBCCCD62}.Debug|Any CPU.ActiveCfg = Debug|Any CPU
		{4A570B67-CAA3-4152-9B51-9DCFEBCCCD62}.Debug|Any CPU.Build.0 = Debug|Any CPU
		{4A570B67-CAA3-4152-9B51-9DCFEBCCCD62}.Debug|x64.ActiveCfg = Debug|Any CPU
		{4A570B67-CAA3-4152-9B51-9DCFEBCCCD62}.Debug|x64.Build.0 = Debug|Any CPU
		{4A570B67-CAA3-4152-9B51-9DCFEBCCCD62}.Debug|x86.ActiveCfg = Debug|Any CPU
		{4A570B67-CAA3-4152-9B51-9DCFEBCCCD62}.Debug|x86.Build.0 = Debug|Any CPU
		{4A570B67-CAA3-4152-9B51-9DCFEBCCCD62}.Release|Any CPU.ActiveCfg = Release|Any CPU
		{4A570B67-CAA3-4152-9B51-9DCFEBCCCD62}.Release|Any CPU.Build.0 = Release|Any CPU
		{4A570B67-CAA3-4152-9B51-9DCFEBCCCD62}.Release|x64.ActiveCfg = Release|Any CPU
		{4A570B67-CAA3-4152-9B51-9DCFEBCCCD62}.Release|x64.Build.0 = Release|Any CPU
		{4A570B67-CAA3-4152-9B51-9DCFEBCCCD62}.Release|x86.ActiveCfg = Release|Any CPU
		{4A570B67-CAA3-4152-9B51-9DCFEBCCCD62}.Release|x86.Build.0 = Release|Any CPU
		{B74E12C3-83FB-17D5-FC6B-060C2B9B5045}.Debug|Any CPU.ActiveCfg = Debug|Any CPU
		{B74E12C3-83FB-17D5-FC6B-060C2B9B5045}.Debug|Any CPU.Build.0 = Debug|Any CPU
		{B74E12C3-83FB-17D5-FC6B-060C2B9B5045}.Debug|x64.ActiveCfg = Debug|Any CPU
		{B74E12C3-83FB-17D5-FC6B-060C2B9B5045}.Debug|x64.Build.0 = Debug|Any CPU
		{B74E12C3-83FB-17D5-FC6B-060C2B9B5045}.Debug|x86.ActiveCfg = Debug|Any CPU
		{B74E12C3-83FB-17D5-FC6B-060C2B9B5045}.Debug|x86.Build.0 = Debug|Any CPU
		{B74E12C3-83FB-17D5-FC6B-060C2B9B5045}.Release|Any CPU.ActiveCfg = Release|Any CPU
		{B74E12C3-83FB-17D5-FC6B-060C2B9B5045}.Release|Any CPU.Build.0 = Release|Any CPU
		{B74E12C3-83FB-17D5-FC6B-060C2B9B5045}.Release|x64.ActiveCfg = Release|Any CPU
		{B74E12C3-83FB-17D5-FC6B-060C2B9B5045}.Release|x64.Build.0 = Release|Any CPU
		{B74E12C3-83FB-17D5-FC6B-060C2B9B5045}.Release|x86.ActiveCfg = Release|Any CPU
		{B74E12C3-83FB-17D5-FC6B-060C2B9B5045}.Release|x86.Build.0 = Release|Any CPU
		{F74E06F3-C0AA-4CAA-CCF8-47940562E045}.Debug|Any CPU.ActiveCfg = Debug|Any CPU
		{F74E06F3-C0AA-4CAA-CCF8-47940562E045}.Debug|Any CPU.Build.0 = Debug|Any CPU
		{F74E06F3-C0AA-4CAA-CCF8-47940562E045}.Debug|x64.ActiveCfg = Debug|Any CPU
		{F74E06F3-C0AA-4CAA-CCF8-47940562E045}.Debug|x64.Build.0 = Debug|Any CPU
		{F74E06F3-C0AA-4CAA-CCF8-47940562E045}.Debug|x86.ActiveCfg = Debug|Any CPU
		{F74E06F3-C0AA-4CAA-CCF8-47940562E045}.Debug|x86.Build.0 = Debug|Any CPU
		{F74E06F3-C0AA-4CAA-CCF8-47940562E045}.Release|Any CPU.ActiveCfg = Release|Any CPU
		{F74E06F3-C0AA-4CAA-CCF8-47940562E045}.Release|Any CPU.Build.0 = Release|Any CPU
		{F74E06F3-C0AA-4CAA-CCF8-47940562E045}.Release|x64.ActiveCfg = Release|Any CPU
		{F74E06F3-C0AA-4CAA-CCF8-47940562E045}.Release|x64.Build.0 = Release|Any CPU
		{F74E06F3-C0AA-4CAA-CCF8-47940562E045}.Release|x86.ActiveCfg = Release|Any CPU
		{F74E06F3-C0AA-4CAA-CCF8-47940562E045}.Release|x86.Build.0 = Release|Any CPU
		{6F378C46-991F-4271-B00B-EFCFE01937E2}.Debug|Any CPU.ActiveCfg = Debug|Any CPU
		{6F378C46-991F-4271-B00B-EFCFE01937E2}.Debug|Any CPU.Build.0 = Debug|Any CPU
		{6F378C46-991F-4271-B00B-EFCFE01937E2}.Debug|x64.ActiveCfg = Debug|Any CPU
		{6F378C46-991F-4271-B00B-EFCFE01937E2}.Debug|x64.Build.0 = Debug|Any CPU
		{6F378C46-991F-4271-B00B-EFCFE01937E2}.Debug|x86.ActiveCfg = Debug|Any CPU
		{6F378C46-991F-4271-B00B-EFCFE01937E2}.Debug|x86.Build.0 = Debug|Any CPU
		{6F378C46-991F-4271-B00B-EFCFE01937E2}.Release|Any CPU.ActiveCfg = Release|Any CPU
		{6F378C46-991F-4271-B00B-EFCFE01937E2}.Release|Any CPU.Build.0 = Release|Any CPU
		{6F378C46-991F-4271-B00B-EFCFE01937E2}.Release|x64.ActiveCfg = Release|Any CPU
		{6F378C46-991F-4271-B00B-EFCFE01937E2}.Release|x64.Build.0 = Release|Any CPU
		{6F378C46-991F-4271-B00B-EFCFE01937E2}.Release|x86.ActiveCfg = Release|Any CPU
		{6F378C46-991F-4271-B00B-EFCFE01937E2}.Release|x86.Build.0 = Release|Any CPU
		{02E015B7-FC75-4148-A6B9-7B580F2BF796}.Debug|Any CPU.ActiveCfg = Debug|Any CPU
		{02E015B7-FC75-4148-A6B9-7B580F2BF796}.Debug|Any CPU.Build.0 = Debug|Any CPU
		{02E015B7-FC75-4148-A6B9-7B580F2BF796}.Debug|x64.ActiveCfg = Debug|Any CPU
		{02E015B7-FC75-4148-A6B9-7B580F2BF796}.Debug|x64.Build.0 = Debug|Any CPU
		{02E015B7-FC75-4148-A6B9-7B580F2BF796}.Debug|x86.ActiveCfg = Debug|Any CPU
		{02E015B7-FC75-4148-A6B9-7B580F2BF796}.Debug|x86.Build.0 = Debug|Any CPU
		{02E015B7-FC75-4148-A6B9-7B580F2BF796}.Release|Any CPU.ActiveCfg = Debug|Any CPU
		{02E015B7-FC75-4148-A6B9-7B580F2BF796}.Release|Any CPU.Build.0 = Debug|Any CPU
		{02E015B7-FC75-4148-A6B9-7B580F2BF796}.Release|x64.ActiveCfg = Debug|Any CPU
		{02E015B7-FC75-4148-A6B9-7B580F2BF796}.Release|x64.Build.0 = Debug|Any CPU
		{02E015B7-FC75-4148-A6B9-7B580F2BF796}.Release|x86.ActiveCfg = Debug|Any CPU
		{02E015B7-FC75-4148-A6B9-7B580F2BF796}.Release|x86.Build.0 = Debug|Any CPU
		{DAAA665D-C235-4F94-A6AA-F28A5C13AF86}.Debug|Any CPU.ActiveCfg = Debug|Any CPU
		{DAAA665D-C235-4F94-A6AA-F28A5C13AF86}.Debug|Any CPU.Build.0 = Debug|Any CPU
		{DAAA665D-C235-4F94-A6AA-F28A5C13AF86}.Debug|x64.ActiveCfg = Debug|Any CPU
		{DAAA665D-C235-4F94-A6AA-F28A5C13AF86}.Debug|x64.Build.0 = Debug|Any CPU
		{DAAA665D-C235-4F94-A6AA-F28A5C13AF86}.Debug|x86.ActiveCfg = Debug|Any CPU
		{DAAA665D-C235-4F94-A6AA-F28A5C13AF86}.Debug|x86.Build.0 = Debug|Any CPU
		{DAAA665D-C235-4F94-A6AA-F28A5C13AF86}.Release|Any CPU.ActiveCfg = Release|Any CPU
		{DAAA665D-C235-4F94-A6AA-F28A5C13AF86}.Release|Any CPU.Build.0 = Release|Any CPU
		{DAAA665D-C235-4F94-A6AA-F28A5C13AF86}.Release|x64.ActiveCfg = Release|Any CPU
		{DAAA665D-C235-4F94-A6AA-F28A5C13AF86}.Release|x64.Build.0 = Release|Any CPU
		{DAAA665D-C235-4F94-A6AA-F28A5C13AF86}.Release|x86.ActiveCfg = Release|Any CPU
		{DAAA665D-C235-4F94-A6AA-F28A5C13AF86}.Release|x86.Build.0 = Release|Any CPU
	EndGlobalSection
	GlobalSection(SolutionProperties) = preSolution
		HideSolutionNode = FALSE
	EndGlobalSection
	GlobalSection(NestedProjects) = preSolution
		{33516935-EE1C-47AA-A62F-7BCB24EE6110} = {CA7B4A2C-8F07-49AA-B71A-23105980C07D}
		{8A12C2A2-DA49-4216-9996-67E680C351FE} = {6A6B662A-1283-4A8E-9C67-22E2B4B80618}
		{76CE6E57-F16B-4D76-B660-1ED0078DD822} = {6A6B662A-1283-4A8E-9C67-22E2B4B80618}
		{3EF5A1A5-22B1-41DF-81FB-ECD469E13CD7} = {6A6B662A-1283-4A8E-9C67-22E2B4B80618}
		{5BE60C3A-F377-4748-BCCF-30C3D29DA87A} = {6A6B662A-1283-4A8E-9C67-22E2B4B80618}
		{27131F72-A319-46CA-9DBB-13EA3C04EB74} = {6A6B662A-1283-4A8E-9C67-22E2B4B80618}
		{3A6775F5-1719-4846-86F1-BBED8F96E359} = {CA7B4A2C-8F07-49AA-B71A-23105980C07D}
		{9AE01B9E-D170-4C58-A2E6-4929FA92D5FA} = {6A6B662A-1283-4A8E-9C67-22E2B4B80618}
		{DD42071E-7D88-4890-A647-5439B99F12BD} = {6A6B662A-1283-4A8E-9C67-22E2B4B80618}
		{4B722083-D7BA-4CF9-9F1A-CB99AF85DC94} = {CD951351-D569-4A36-8824-F44731158394}
		{B4028235-2423-487E-8A6B-1ABE07422004} = {6A6B662A-1283-4A8E-9C67-22E2B4B80618}
		{69B607A1-BA4E-4EF4-882E-0BCDC941A077} = {6A6B662A-1283-4A8E-9C67-22E2B4B80618}
		{C99AFAB7-54E0-42D1-9D51-A32AAEDC4856} = {6A6B662A-1283-4A8E-9C67-22E2B4B80618}
		{DC5F8EBE-6EF6-4DC1-BEDC-6A3181BBD6F9} = {6A6B662A-1283-4A8E-9C67-22E2B4B80618}
		{19EDBA47-7ACC-7457-0DDB-1C50445E7661} = {EB1B1211-640D-0C76-A929-990D115248FD}
		{4A570B67-CAA3-4152-9B51-9DCFEBCCCD62} = {19EDBA47-7ACC-7457-0DDB-1C50445E7661}
		{B74E12C3-83FB-17D5-FC6B-060C2B9B5045} = {19EDBA47-7ACC-7457-0DDB-1C50445E7661}
		{B8D31861-E8A8-4E40-B136-65AF9F098DF3} = {19EDBA47-7ACC-7457-0DDB-1C50445E7661}
		{F74E06F3-C0AA-4CAA-CCF8-47940562E045} = {CD951351-D569-4A36-8824-F44731158394}
		{6F378C46-991F-4271-B00B-EFCFE01937E2} = {6A6B662A-1283-4A8E-9C67-22E2B4B80618}
		{DAAA665D-C235-4F94-A6AA-F28A5C13AF86} = {6A6B662A-1283-4A8E-9C67-22E2B4B80618}
	EndGlobalSection
	GlobalSection(ExtensibilityGlobals) = postSolution
		SolutionGuid = {949CE203-E9BD-48CB-A63B-FD3291CE903F}
	EndGlobalSection
EndGlobal
