
Microsoft Visual Studio Solution File, Format Version 12.00
# Visual Studio Version 18
VisualStudioVersion = 18.5.11801.241 oobstable
MinimumVisualStudioVersion = 10.0.40219.1
Project("{FAE04EC0-301F-11D3-BF4B-00C04F79EFBC}") = "NVCMS.API.ReadGoogleSheet", "NVCMS.API.ReadGoogleSheet.csproj", "{CCA2BBFE-9A78-4E8D-203E-217BDB646E43}"
EndProject
Global
	GlobalSection(SolutionConfigurationPlatforms) = preSolution
		Debug|Any CPU = Debug|Any CPU
		Release|Any CPU = Release|Any CPU
	EndGlobalSection
	GlobalSection(ProjectConfigurationPlatforms) = postSolution
		{CCA2BBFE-9A78-4E8D-203E-217BDB646E43}.Debug|Any CPU.ActiveCfg = Debug|Any CPU
		{CCA2BBFE-9A78-4E8D-203E-217BDB646E43}.Debug|Any CPU.Build.0 = Debug|Any CPU
		{CCA2BBFE-9A78-4E8D-203E-217BDB646E43}.Release|Any CPU.ActiveCfg = Release|Any CPU
		{CCA2BBFE-9A78-4E8D-203E-217BDB646E43}.Release|Any CPU.Build.0 = Release|Any CPU
	EndGlobalSection
	GlobalSection(SolutionProperties) = preSolution
		HideSolutionNode = FALSE
	EndGlobalSection
	GlobalSection(ExtensibilityGlobals) = postSolution
		SolutionGuid = {23C55315-1147-4B35-8AF9-072C7F9FABDD}
	EndGlobalSection
EndGlobal
